
Microsoft Visual Studio Solution File, Format Version 12.00
# Visual Studio Version 17
VisualStudioVersion = 17.5.33424.131
MinimumVisualStudioVersion = 10.0.40219.1
Project("{FAE04EC0-301F-11D3-BF4B-00C04F79EFBC}") = "JuniorTask2", "JuniorTask2\JuniorTask2.csproj", "{8BC238E3-25AD-4419-949E-5D8F23258DC6}"
EndProject
Global
	GlobalSection(SolutionConfigurationPlatforms) = preSolution
		Debug|Any CPU = Debug|Any CPU
		Release|Any CPU = Release|Any CPU
	EndGlobalSection
	GlobalSection(ProjectConfigurationPlatforms) = postSolution
		{8BC238E3-25AD-4419-949E-5D8F23258DC6}.Debug|Any CPU.ActiveCfg = Debug|Any CPU
		{8BC238E3-25AD-4419-949E-5D8F23258DC6}.Debug|Any CPU.Build.0 = Debug|Any CPU
		{8BC238E3-25AD-4419-949E-5D8F23258DC6}.Release|Any CPU.ActiveCfg = Release|Any CPU
		{8BC238E3-25AD-4419-949E-5D8F23258DC6}.Release|Any CPU.Build.0 = Release|Any CPU
	EndGlobalSection
	GlobalSection(SolutionProperties) = preSolution
		HideSolutionNode = FALSE
	EndGlobalSection
	GlobalSection(ExtensibilityGlobals) = postSolution
		SolutionGuid = {AB49A760-95E8-428E-AAED-5F8D4A7A3ADD}
	EndGlobalSection
EndGlobal
